# This file is autogenerated, do not edit; changes may be undone by the next 'dep ensure'.


[[projects]]
  digest = "1:34c2505c82d5a66e6416edff3143079fde53a00d1823df36728ba764038e5982"
  name = "github.com/centrifugal/centrifuge-go"
  packages = ["."]
  pruneopts = "UT"
  revision = "1d40ffb82b55e36e6872a06dca22a59ece30bef6"
  version = "v0.5.2"

[[projects]]
  digest = "1:4f572b02cb237a3b86fb8158d30efd1265937062573e8348699a522add93af8b"
  name = "github.com/centrifugal/protocol"
  packages = ["."]
  pruneopts = "UT"
  revision = "7b72506b2f93d6741cf47605e7fe721af60d818a"
  version = "v0.3.3"

[[projects]]
  digest = "1:bfc758d5a03d57d97226fac6934551c01bd76612adb119c177395b057a0a46db"
  name = "github.com/gogo/protobuf"
  packages = [
    "gogoproto",
    "proto",
    "protoc-gen-gogo/descriptor",
  ]
  pruneopts = "UT"
  revision = "636bf0302bc95575d69441b25a2603156ffdddf1"
  version = "v1.1.1"

[[projects]]
  digest = "1:e62657cca9badaa308d86e7716083e4c5933bb78e30a17743fc67f50be26f6f4"
  name = "github.com/gorilla/websocket"
  packages = ["."]
  pruneopts = "UT"
  revision = "c3e18be99d19e6b3e8f1559eea2c161a665c4b6b"
  version = "v1.4.1"

[[projects]]
  digest = "1:b6bbd2f9e0724bd81890c8644259f920c6d61c08453978faff0bebd25f3e7d3e"
  name = "github.com/jpillora/backoff"
  packages = ["."]
  pruneopts = "UT"
  revision = "8eab2debe79d12b7bd3d10653910df25fa9552ba"
  version = "1.0.0"

[solve-meta]
  analyzer-name = "dep"
  analyzer-version = 1
  input-imports = ["github.com/centrifugal/centrifuge-go"]
  solver-name = "gps-cdcl"
  solver-version = 1
