# This file is autogenerated, do not edit; changes may be undone by the next 'dep ensure'.


[[projects]]
  digest = "1:57de5526873ccc74ba8e32e927c69c06f4d250a1ff98a1dfd01e604e3f39af89"
  name = "github.com/centrifugal/centrifuge-go"
  packages = [
    ".",
    "internal/proto",
  ]
  pruneopts = "UT"
  revision = "0e5e1a3cb28eb7716fb1639e9f4a21f42d46144b"
  version = "v0.2.0"

[[projects]]
  digest = "1:bfc758d5a03d57d97226fac6934551c01bd76612adb119c177395b057a0a46db"
  name = "github.com/gogo/protobuf"
  packages = [
    "gogoproto",
    "proto",
    "protoc-gen-gogo/descriptor",
  ]
  pruneopts = "UT"
  revision = "636bf0302bc95575d69441b25a2603156ffdddf1"
  version = "v1.1.1"

[[projects]]
  digest = "1:7b5c6e2eeaa9ae5907c391a91c132abfd5c9e8a784a341b5625e750c67e6825d"
  name = "github.com/gorilla/websocket"
  packages = ["."]
  pruneopts = "UT"
  revision = "66b9c49e59c6c48f0ffce28c2d8b8a5678502c6d"
  version = "v1.4.0"

[[projects]]
  digest = "1:b6bbd2f9e0724bd81890c8644259f920c6d61c08453978faff0bebd25f3e7d3e"
  name = "github.com/jpillora/backoff"
  packages = ["."]
  pruneopts = "UT"
  revision = "8eab2debe79d12b7bd3d10653910df25fa9552ba"
  version = "1.0.0"

[solve-meta]
  analyzer-name = "dep"
  analyzer-version = 1
  input-imports = ["github.com/centrifugal/centrifuge-go"]
  solver-name = "gps-cdcl"
  solver-version = 1
