// !$*UTF8*$!
{
	archiveVersion = 1;
	classes = {
	};
	objectVersion = 46;
	objects = {

/* Begin PBXBuildFile section */
		26200F871EA5EE61004099E5 /* Centrifuge.framework in Frameworks */ = {isa = PBXBuildFile; fileRef = 26200F861EA5EE61004099E5 /* Centrifuge.framework */; };
		26B5AFF31E64065200644AB7 /* AppDelegate.swift in Sources */ = {isa = PBXBuildFile; fileRef = 26B5AFF21E64065200644AB7 /* AppDelegate.swift */; };
		26B5AFF51E64065200644AB7 /* ViewController.swift in Sources */ = {isa = PBXBuildFile; fileRef = 26B5AFF41E64065200644AB7 /* ViewController.swift */; };
		26B5AFF81E64065200644AB7 /* Main.storyboard in Resources */ = {isa = PBXBuildFile; fileRef = 26B5AFF61E64065200644AB7 /* Main.storyboard */; };
		26B5AFFA1E64065200644AB7 /* Assets.xcassets in Resources */ = {isa = PBXBuildFile; fileRef = 26B5AFF91E64065200644AB7 /* Assets.xcassets */; };
		26B5AFFD1E64065200644AB7 /* LaunchScreen.storyboard in Resources */ = {isa = PBXBuildFile; fileRef = 26B5AFFB1E64065200644AB7 /* LaunchScreen.storyboard */; };
		26B5B0081E64065200644AB7 /* CentrifugoIOSTests.swift in Sources */ = {isa = PBXBuildFile; fileRef = 26B5B0071E64065200644AB7 /* CentrifugoIOSTests.swift */; };
		26B5B0131E64065200644AB7 /* CentrifugoIOSUITests.swift in Sources */ = {isa = PBXBuildFile; fileRef = 26B5B0121E64065200644AB7 /* CentrifugoIOSUITests.swift */; };
/* End PBXBuildFile section */

/* Begin PBXContainerItemProxy section */
		26B5B0041E64065200644AB7 /* PBXContainerItemProxy */ = {
			isa = PBXContainerItemProxy;
			containerPortal = 26B5AFE71E64065200644AB7 /* Project object */;
			proxyType = 1;
			remoteGlobalIDString = 26B5AFEE1E64065200644AB7;
			remoteInfo = CentrifugoIOS;
		};
		26B5B00F1E64065200644AB7 /* PBXContainerItemProxy */ = {
			isa = PBXContainerItemProxy;
			containerPortal = 26B5AFE71E64065200644AB7 /* Project object */;
			proxyType = 1;
			remoteGlobalIDString = 26B5AFEE1E64065200644AB7;
			remoteInfo = CentrifugoIOS;
		};
/* End PBXContainerItemProxy section */

/* Begin PBXFileReference section */
		26200F861EA5EE61004099E5 /* Centrifuge.framework */ = {isa = PBXFileReference; lastKnownFileType = wrapper.framework; path = Centrifuge.framework; sourceTree = "<group>"; };
		26B5AFEF1E64065200644AB7 /* CentrifugoIOS.app */ = {isa = PBXFileReference; explicitFileType = wrapper.application; includeInIndex = 0; path = CentrifugoIOS.app; sourceTree = BUILT_PRODUCTS_DIR; };
		26B5AFF21E64065200644AB7 /* AppDelegate.swift */ = {isa = PBXFileReference; lastKnownFileType = sourcecode.swift; path = AppDelegate.swift; sourceTree = "<group>"; };
		26B5AFF41E64065200644AB7 /* ViewController.swift */ = {isa = PBXFileReference; lastKnownFileType = sourcecode.swift; path = ViewController.swift; sourceTree = "<group>"; };
		26B5AFF71E64065200644AB7 /* Base */ = {isa = PBXFileReference; lastKnownFileType = file.storyboard; name = Base; path = Base.lproj/Main.storyboard; sourceTree = "<group>"; };
		26B5AFF91E64065200644AB7 /* Assets.xcassets */ = {isa = PBXFileReference; lastKnownFileType = folder.assetcatalog; path = Assets.xcassets; sourceTree = "<group>"; };
		26B5AFFC1E64065200644AB7 /* Base */ = {isa = PBXFileReference; lastKnownFileType = file.storyboard; name = Base; path = Base.lproj/LaunchScreen.storyboard; sourceTree = "<group>"; };
		26B5AFFE1E64065200644AB7 /* Info.plist */ = {isa = PBXFileReference; lastKnownFileType = text.plist.xml; path = Info.plist; sourceTree = "<group>"; };
		26B5B0031E64065200644AB7 /* CentrifugoIOSTests.xctest */ = {isa = PBXFileReference; explicitFileType = wrapper.cfbundle; includeInIndex = 0; path = CentrifugoIOSTests.xctest; sourceTree = BUILT_PRODUCTS_DIR; };
		26B5B0071E64065200644AB7 /* CentrifugoIOSTests.swift */ = {isa = PBXFileReference; lastKnownFileType = sourcecode.swift; path = CentrifugoIOSTests.swift; sourceTree = "<group>"; };
		26B5B0091E64065200644AB7 /* Info.plist */ = {isa = PBXFileReference; lastKnownFileType = text.plist.xml; path = Info.plist; sourceTree = "<group>"; };
		26B5B00E1E64065200644AB7 /* CentrifugoIOSUITests.xctest */ = {isa = PBXFileReference; explicitFileType = wrapper.cfbundle; includeInIndex = 0; path = CentrifugoIOSUITests.xctest; sourceTree = BUILT_PRODUCTS_DIR; };
		26B5B0121E64065200644AB7 /* CentrifugoIOSUITests.swift */ = {isa = PBXFileReference; lastKnownFileType = sourcecode.swift; path = CentrifugoIOSUITests.swift; sourceTree = "<group>"; };
		26B5B0141E64065200644AB7 /* Info.plist */ = {isa = PBXFileReference; lastKnownFileType = text.plist.xml; path = Info.plist; sourceTree = "<group>"; };
/* End PBXFileReference section */

/* Begin PBXFrameworksBuildPhase section */
		26B5AFEC1E64065200644AB7 /* Frameworks */ = {
			isa = PBXFrameworksBuildPhase;
			buildActionMask = 2147483647;
			files = (
				26200F871EA5EE61004099E5 /* Centrifuge.framework in Frameworks */,
			);
			runOnlyForDeploymentPostprocessing = 0;
		};
		26B5B0001E64065200644AB7 /* Frameworks */ = {
			isa = PBXFrameworksBuildPhase;
			buildActionMask = 2147483647;
			files = (
			);
			runOnlyForDeploymentPostprocessing = 0;
		};
		26B5B00B1E64065200644AB7 /* Frameworks */ = {
			isa = PBXFrameworksBuildPhase;
			buildActionMask = 2147483647;
			files = (
			);
			runOnlyForDeploymentPostprocessing = 0;
		};
/* End PBXFrameworksBuildPhase section */

/* Begin PBXGroup section */
		26B5AFE61E64065200644AB7 = {
			isa = PBXGroup;
			children = (
				26B5AFF11E64065200644AB7 /* CentrifugoIOS */,
				26B5B0061E64065200644AB7 /* CentrifugoIOSTests */,
				26B5B0111E64065200644AB7 /* CentrifugoIOSUITests */,
				26B5AFF01E64065200644AB7 /* Products */,
				26200F861EA5EE61004099E5 /* Centrifuge.framework */,
			);
			sourceTree = "<group>";
		};
		26B5AFF01E64065200644AB7 /* Products */ = {
			isa = PBXGroup;
			children = (
				26B5AFEF1E64065200644AB7 /* CentrifugoIOS.app */,
				26B5B0031E64065200644AB7 /* CentrifugoIOSTests.xctest */,
				26B5B00E1E64065200644AB7 /* CentrifugoIOSUITests.xctest */,
			);
			name = Products;
			sourceTree = "<group>";
		};
		26B5AFF11E64065200644AB7 /* CentrifugoIOS */ = {
			isa = PBXGroup;
			children = (
				26B5AFF21E64065200644AB7 /* AppDelegate.swift */,
				26B5AFF41E64065200644AB7 /* ViewController.swift */,
				26B5AFF61E64065200644AB7 /* Main.storyboard */,
				26B5AFF91E64065200644AB7 /* Assets.xcassets */,
				26B5AFFB1E64065200644AB7 /* LaunchScreen.storyboard */,
				26B5AFFE1E64065200644AB7 /* Info.plist */,
			);
			path = CentrifugoIOS;
			sourceTree = "<group>";
		};
		26B5B0061E64065200644AB7 /* CentrifugoIOSTests */ = {
			isa = PBXGroup;
			children = (
				26B5B0071E64065200644AB7 /* CentrifugoIOSTests.swift */,
				26B5B0091E64065200644AB7 /* Info.plist */,
			);
			path = CentrifugoIOSTests;
			sourceTree = "<group>";
		};
		26B5B0111E64065200644AB7 /* CentrifugoIOSUITests */ = {
			isa = PBXGroup;
			children = (
				26B5B0121E64065200644AB7 /* CentrifugoIOSUITests.swift */,
				26B5B0141E64065200644AB7 /* Info.plist */,
			);
			path = CentrifugoIOSUITests;
			sourceTree = "<group>";
		};
/* End PBXGroup section */

/* Begin PBXNativeTarget section */
		26B5AFEE1E64065200644AB7 /* CentrifugoIOS */ = {
			isa = PBXNativeTarget;
			buildConfigurationList = 26B5B0171E64065200644AB7 /* Build configuration list for PBXNativeTarget "CentrifugoIOS" */;
			buildPhases = (
				26B5AFEB1E64065200644AB7 /* Sources */,
				26B5AFEC1E64065200644AB7 /* Frameworks */,
				26B5AFED1E64065200644AB7 /* Resources */,
			);
			buildRules = (
			);
			dependencies = (
			);
			name = CentrifugoIOS;
			productName = CentrifugoIOS;
			productReference = 26B5AFEF1E64065200644AB7 /* CentrifugoIOS.app */;
			productType = "com.apple.product-type.application";
		};
		26B5B0021E64065200644AB7 /* CentrifugoIOSTests */ = {
			isa = PBXNativeTarget;
			buildConfigurationList = 26B5B01A1E64065200644AB7 /* Build configuration list for PBXNativeTarget "CentrifugoIOSTests" */;
			buildPhases = (
				26B5AFFF1E64065200644AB7 /* Sources */,
				26B5B0001E64065200644AB7 /* Frameworks */,
				26B5B0011E64065200644AB7 /* Resources */,
			);
			buildRules = (
			);
			dependencies = (
				26B5B0051E64065200644AB7 /* PBXTargetDependency */,
			);
			name = CentrifugoIOSTests;
			productName = CentrifugoIOSTests;
			productReference = 26B5B0031E64065200644AB7 /* CentrifugoIOSTests.xctest */;
			productType = "com.apple.product-type.bundle.unit-test";
		};
		26B5B00D1E64065200644AB7 /* CentrifugoIOSUITests */ = {
			isa = PBXNativeTarget;
			buildConfigurationList = 26B5B01D1E64065200644AB7 /* Build configuration list for PBXNativeTarget "CentrifugoIOSUITests" */;
			buildPhases = (
				26B5B00A1E64065200644AB7 /* Sources */,
				26B5B00B1E64065200644AB7 /* Frameworks */,
				26B5B00C1E64065200644AB7 /* Resources */,
			);
			buildRules = (
			);
			dependencies = (
				26B5B0101E64065200644AB7 /* PBXTargetDependency */,
			);
			name = CentrifugoIOSUITests;
			productName = CentrifugoIOSUITests;
			productReference = 26B5B00E1E64065200644AB7 /* CentrifugoIOSUITests.xctest */;
			productType = "com.apple.product-type.bundle.ui-testing";
		};
/* End PBXNativeTarget section */

/* Begin PBXProject section */
		26B5AFE71E64065200644AB7 /* Project object */ = {
			isa = PBXProject;
			attributes = {
				LastSwiftUpdateCheck = 0820;
				LastUpgradeCheck = 0820;
				ORGANIZATIONNAME = "Alexander Emelin";
				TargetAttributes = {
					26B5AFEE1E64065200644AB7 = {
						CreatedOnToolsVersion = 8.2.1;
						ProvisioningStyle = Automatic;
					};
					26B5B0021E64065200644AB7 = {
						CreatedOnToolsVersion = 8.2.1;
						ProvisioningStyle = Automatic;
						TestTargetID = 26B5AFEE1E64065200644AB7;
					};
					26B5B00D1E64065200644AB7 = {
						CreatedOnToolsVersion = 8.2.1;
						ProvisioningStyle = Automatic;
						TestTargetID = 26B5AFEE1E64065200644AB7;
					};
				};
			};
			buildConfigurationList = 26B5AFEA1E64065200644AB7 /* Build configuration list for PBXProject "CentrifugoIOS" */;
			compatibilityVersion = "Xcode 3.2";
			developmentRegion = English;
			hasScannedForEncodings = 0;
			knownRegions = (
				en,
				Base,
			);
			mainGroup = 26B5AFE61E64065200644AB7;
			productRefGroup = 26B5AFF01E64065200644AB7 /* Products */;
			projectDirPath = "";
			projectRoot = "";
			targets = (
				26B5AFEE1E64065200644AB7 /* CentrifugoIOS */,
				26B5B0021E64065200644AB7 /* CentrifugoIOSTests */,
				26B5B00D1E64065200644AB7 /* CentrifugoIOSUITests */,
			);
		};
/* End PBXProject section */

/* Begin PBXResourcesBuildPhase section */
		26B5AFED1E64065200644AB7 /* Resources */ = {
			isa = PBXResourcesBuildPhase;
			buildActionMask = 2147483647;
			files = (
				26B5AFFD1E64065200644AB7 /* LaunchScreen.storyboard in Resources */,
				26B5AFFA1E64065200644AB7 /* Assets.xcassets in Resources */,
				26B5AFF81E64065200644AB7 /* Main.storyboard in Resources */,
			);
			runOnlyForDeploymentPostprocessing = 0;
		};
		26B5B0011E64065200644AB7 /* Resources */ = {
			isa = PBXResourcesBuildPhase;
			buildActionMask = 2147483647;
			files = (
			);
			runOnlyForDeploymentPostprocessing = 0;
		};
		26B5B00C1E64065200644AB7 /* Resources */ = {
			isa = PBXResourcesBuildPhase;
			buildActionMask = 2147483647;
			files = (
			);
			runOnlyForDeploymentPostprocessing = 0;
		};
/* End PBXResourcesBuildPhase section */

/* Begin PBXSourcesBuildPhase section */
		26B5AFEB1E64065200644AB7 /* Sources */ = {
			isa = PBXSourcesBuildPhase;
			buildActionMask = 2147483647;
			files = (
				26B5AFF51E64065200644AB7 /* ViewController.swift in Sources */,
				26B5AFF31E64065200644AB7 /* AppDelegate.swift in Sources */,
			);
			runOnlyForDeploymentPostprocessing = 0;
		};
		26B5AFFF1E64065200644AB7 /* Sources */ = {
			isa = PBXSourcesBuildPhase;
			buildActionMask = 2147483647;
			files = (
				26B5B0081E64065200644AB7 /* CentrifugoIOSTests.swift in Sources */,
			);
			runOnlyForDeploymentPostprocessing = 0;
		};
		26B5B00A1E64065200644AB7 /* Sources */ = {
			isa = PBXSourcesBuildPhase;
			buildActionMask = 2147483647;
			files = (
				26B5B0131E64065200644AB7 /* CentrifugoIOSUITests.swift in Sources */,
			);
			runOnlyForDeploymentPostprocessing = 0;
		};
/* End PBXSourcesBuildPhase section */

/* Begin PBXTargetDependency section */
		26B5B0051E64065200644AB7 /* PBXTargetDependency */ = {
			isa = PBXTargetDependency;
			target = 26B5AFEE1E64065200644AB7 /* CentrifugoIOS */;
			targetProxy = 26B5B0041E64065200644AB7 /* PBXContainerItemProxy */;
		};
		26B5B0101E64065200644AB7 /* PBXTargetDependency */ = {
			isa = PBXTargetDependency;
			target = 26B5AFEE1E64065200644AB7 /* CentrifugoIOS */;
			targetProxy = 26B5B00F1E64065200644AB7 /* PBXContainerItemProxy */;
		};
/* End PBXTargetDependency section */

/* Begin PBXVariantGroup section */
		26B5AFF61E64065200644AB7 /* Main.storyboard */ = {
			isa = PBXVariantGroup;
			children = (
				26B5AFF71E64065200644AB7 /* Base */,
			);
			name = Main.storyboard;
			sourceTree = "<group>";
		};
		26B5AFFB1E64065200644AB7 /* LaunchScreen.storyboard */ = {
			isa = PBXVariantGroup;
			children = (
				26B5AFFC1E64065200644AB7 /* Base */,
			);
			name = LaunchScreen.storyboard;
			sourceTree = "<group>";
		};
/* End PBXVariantGroup section */

/* Begin XCBuildConfiguration section */
		26B5B0151E64065200644AB7 /* Debug */ = {
			isa = XCBuildConfiguration;
			buildSettings = {
				ALWAYS_SEARCH_USER_PATHS = NO;
				CLANG_ANALYZER_NONNULL = YES;
				CLANG_CXX_LANGUAGE_STANDARD = "gnu++0x";
				CLANG_CXX_LIBRARY = "libc++";
				CLANG_ENABLE_MODULES = YES;
				CLANG_ENABLE_OBJC_ARC = YES;
				CLANG_WARN_BOOL_CONVERSION = YES;
				CLANG_WARN_CONSTANT_CONVERSION = YES;
				CLANG_WARN_DIRECT_OBJC_ISA_USAGE = YES_ERROR;
				CLANG_WARN_DOCUMENTATION_COMMENTS = YES;
				CLANG_WARN_EMPTY_BODY = YES;
				CLANG_WARN_ENUM_CONVERSION = YES;
				CLANG_WARN_INFINITE_RECURSION = YES;
				CLANG_WARN_INT_CONVERSION = YES;
				CLANG_WARN_OBJC_ROOT_CLASS = YES_ERROR;
				CLANG_WARN_SUSPICIOUS_MOVE = YES;
				CLANG_WARN_UNREACHABLE_CODE = YES;
				CLANG_WARN__DUPLICATE_METHOD_MATCH = YES;
				"CODE_SIGN_IDENTITY[sdk=iphoneos*]" = "iPhone Developer";
				COPY_PHASE_STRIP = NO;
				DEBUG_INFORMATION_FORMAT = dwarf;
				ENABLE_STRICT_OBJC_MSGSEND = YES;
				ENABLE_TESTABILITY = YES;
				GCC_C_LANGUAGE_STANDARD = gnu99;
				GCC_DYNAMIC_NO_PIC = NO;
				GCC_NO_COMMON_BLOCKS = YES;
				GCC_OPTIMIZATION_LEVEL = 0;
				GCC_PREPROCESSOR_DEFINITIONS = (
					"DEBUG=1",
					"$(inherited)",
				);
				GCC_WARN_64_TO_32_BIT_CONVERSION = YES;
				GCC_WARN_ABOUT_RETURN_TYPE = YES_ERROR;
				GCC_WARN_UNDECLARED_SELECTOR = YES;
				GCC_WARN_UNINITIALIZED_AUTOS = YES_AGGRESSIVE;
				GCC_WARN_UNUSED_FUNCTION = YES;
				GCC_WARN_UNUSED_VARIABLE = YES;
				IPHONEOS_DEPLOYMENT_TARGET = 10.2;
				MTL_ENABLE_DEBUG_INFO = YES;
				ONLY_ACTIVE_ARCH = YES;
				SDKROOT = iphoneos;
				SWIFT_ACTIVE_COMPILATION_CONDITIONS = DEBUG;
				SWIFT_OPTIMIZATION_LEVEL = "-Onone";
				TARGETED_DEVICE_FAMILY = "1,2";
			};
			name = Debug;
		};
		26B5B0161E64065200644AB7 /* Release */ = {
			isa = XCBuildConfiguration;
			buildSettings = {
				ALWAYS_SEARCH_USER_PATHS = NO;
				CLANG_ANALYZER_NONNULL = YES;
				CLANG_CXX_LANGUAGE_STANDARD = "gnu++0x";
				CLANG_CXX_LIBRARY = "libc++";
				CLANG_ENABLE_MODULES = YES;
				CLANG_ENABLE_OBJC_ARC = YES;
				CLANG_WARN_BOOL_CONVERSION = YES;
				CLANG_WARN_CONSTANT_CONVERSION = YES;
				CLANG_WARN_DIRECT_OBJC_ISA_USAGE = YES_ERROR;
				CLANG_WARN_DOCUMENTATION_COMMENTS = YES;
				CLANG_WARN_EMPTY_BODY = YES;
				CLANG_WARN_ENUM_CONVERSION = YES;
				CLANG_WARN_INFINITE_RECURSION = YES;
				CLANG_WARN_INT_CONVERSION = YES;
				CLANG_WARN_OBJC_ROOT_CLASS = YES_ERROR;
				CLANG_WARN_SUSPICIOUS_MOVE = YES;
				CLANG_WARN_UNREACHABLE_CODE = YES;
				CLANG_WARN__DUPLICATE_METHOD_MATCH = YES;
				"CODE_SIGN_IDENTITY[sdk=iphoneos*]" = "iPhone Developer";
				COPY_PHASE_STRIP = NO;
				DEBUG_INFORMATION_FORMAT = "dwarf-with-dsym";
				ENABLE_NS_ASSERTIONS = NO;
				ENABLE_STRICT_OBJC_MSGSEND = YES;
				GCC_C_LANGUAGE_STANDARD = gnu99;
				GCC_NO_COMMON_BLOCKS = YES;
				GCC_WARN_64_TO_32_BIT_CONVERSION = YES;
				GCC_WARN_ABOUT_RETURN_TYPE = YES_ERROR;
				GCC_WARN_UNDECLARED_SELECTOR = YES;
				GCC_WARN_UNINITIALIZED_AUTOS = YES_AGGRESSIVE;
				GCC_WARN_UNUSED_FUNCTION = YES;
				GCC_WARN_UNUSED_VARIABLE = YES;
				IPHONEOS_DEPLOYMENT_TARGET = 10.2;
				MTL_ENABLE_DEBUG_INFO = NO;
				SDKROOT = iphoneos;
				SWIFT_OPTIMIZATION_LEVEL = "-Owholemodule";
				TARGETED_DEVICE_FAMILY = "1,2";
				VALIDATE_PRODUCT = YES;
			};
			name = Release;
		};
		26B5B0181E64065200644AB7 /* Debug */ = {
			isa = XCBuildConfiguration;
			buildSettings = {
				ASSETCATALOG_COMPILER_APPICON_NAME = AppIcon;
				FRAMEWORK_SEARCH_PATHS = (
					"$(inherited)",
					"$(PROJECT_DIR)",
				);
				INFOPLIST_FILE = CentrifugoIOS/Info.plist;
				LD_RUNPATH_SEARCH_PATHS = "$(inherited) @executable_path/Frameworks";
				PRODUCT_BUNDLE_IDENTIFIER = com.centrifugal.examples.CentrifugoIOS;
				PRODUCT_NAME = "$(TARGET_NAME)";
				SWIFT_VERSION = 3.0;
			};
			name = Debug;
		};
		26B5B0191E64065200644AB7 /* Release */ = {
			isa = XCBuildConfiguration;
			buildSettings = {
				ASSETCATALOG_COMPILER_APPICON_NAME = AppIcon;
				FRAMEWORK_SEARCH_PATHS = (
					"$(inherited)",
					"$(PROJECT_DIR)",
				);
				INFOPLIST_FILE = CentrifugoIOS/Info.plist;
				LD_RUNPATH_SEARCH_PATHS = "$(inherited) @executable_path/Frameworks";
				PRODUCT_BUNDLE_IDENTIFIER = com.centrifugal.examples.CentrifugoIOS;
				PRODUCT_NAME = "$(TARGET_NAME)";
				SWIFT_VERSION = 3.0;
			};
			name = Release;
		};
		26B5B01B1E64065200644AB7 /* Debug */ = {
			isa = XCBuildConfiguration;
			buildSettings = {
				ALWAYS_EMBED_SWIFT_STANDARD_LIBRARIES = YES;
				BUNDLE_LOADER = "$(TEST_HOST)";
				INFOPLIST_FILE = CentrifugoIOSTests/Info.plist;
				LD_RUNPATH_SEARCH_PATHS = "$(inherited) @executable_path/Frameworks @loader_path/Frameworks";
				PRODUCT_BUNDLE_IDENTIFIER = com.centrifugal.examples.CentrifugoIOSTests;
				PRODUCT_NAME = "$(TARGET_NAME)";
				SWIFT_VERSION = 3.0;
				TEST_HOST = "$(BUILT_PRODUCTS_DIR)/CentrifugoIOS.app/CentrifugoIOS";
			};
			name = Debug;
		};
		26B5B01C1E64065200644AB7 /* Release */ = {
			isa = XCBuildConfiguration;
			buildSettings = {
				ALWAYS_EMBED_SWIFT_STANDARD_LIBRARIES = YES;
				BUNDLE_LOADER = "$(TEST_HOST)";
				INFOPLIST_FILE = CentrifugoIOSTests/Info.plist;
				LD_RUNPATH_SEARCH_PATHS = "$(inherited) @executable_path/Frameworks @loader_path/Frameworks";
				PRODUCT_BUNDLE_IDENTIFIER = com.centrifugal.examples.CentrifugoIOSTests;
				PRODUCT_NAME = "$(TARGET_NAME)";
				SWIFT_VERSION = 3.0;
				TEST_HOST = "$(BUILT_PRODUCTS_DIR)/CentrifugoIOS.app/CentrifugoIOS";
			};
			name = Release;
		};
		26B5B01E1E64065200644AB7 /* Debug */ = {
			isa = XCBuildConfiguration;
			buildSettings = {
				ALWAYS_EMBED_SWIFT_STANDARD_LIBRARIES = YES;
				INFOPLIST_FILE = CentrifugoIOSUITests/Info.plist;
				LD_RUNPATH_SEARCH_PATHS = "$(inherited) @executable_path/Frameworks @loader_path/Frameworks";
				PRODUCT_BUNDLE_IDENTIFIER = com.centrifugal.examples.CentrifugoIOSUITests;
				PRODUCT_NAME = "$(TARGET_NAME)";
				SWIFT_VERSION = 3.0;
				TEST_TARGET_NAME = CentrifugoIOS;
			};
			name = Debug;
		};
		26B5B01F1E64065200644AB7 /* Release */ = {
			isa = XCBuildConfiguration;
			buildSettings = {
				ALWAYS_EMBED_SWIFT_STANDARD_LIBRARIES = YES;
				INFOPLIST_FILE = CentrifugoIOSUITests/Info.plist;
				LD_RUNPATH_SEARCH_PATHS = "$(inherited) @executable_path/Frameworks @loader_path/Frameworks";
				PRODUCT_BUNDLE_IDENTIFIER = com.centrifugal.examples.CentrifugoIOSUITests;
				PRODUCT_NAME = "$(TARGET_NAME)";
				SWIFT_VERSION = 3.0;
				TEST_TARGET_NAME = CentrifugoIOS;
			};
			name = Release;
		};
/* End XCBuildConfiguration section */

/* Begin XCConfigurationList section */
		26B5AFEA1E64065200644AB7 /* Build configuration list for PBXProject "CentrifugoIOS" */ = {
			isa = XCConfigurationList;
			buildConfigurations = (
				26B5B0151E64065200644AB7 /* Debug */,
				26B5B0161E64065200644AB7 /* Release */,
			);
			defaultConfigurationIsVisible = 0;
			defaultConfigurationName = Release;
		};
		26B5B0171E64065200644AB7 /* Build configuration list for PBXNativeTarget "CentrifugoIOS" */ = {
			isa = XCConfigurationList;
			buildConfigurations = (
				26B5B0181E64065200644AB7 /* Debug */,
				26B5B0191E64065200644AB7 /* Release */,
			);
			defaultConfigurationIsVisible = 0;
			defaultConfigurationName = Release;
		};
		26B5B01A1E64065200644AB7 /* Build configuration list for PBXNativeTarget "CentrifugoIOSTests" */ = {
			isa = XCConfigurationList;
			buildConfigurations = (
				26B5B01B1E64065200644AB7 /* Debug */,
				26B5B01C1E64065200644AB7 /* Release */,
			);
			defaultConfigurationIsVisible = 0;
			defaultConfigurationName = Release;
		};
		26B5B01D1E64065200644AB7 /* Build configuration list for PBXNativeTarget "CentrifugoIOSUITests" */ = {
			isa = XCConfigurationList;
			buildConfigurations = (
				26B5B01E1E64065200644AB7 /* Debug */,
				26B5B01F1E64065200644AB7 /* Release */,
			);
			defaultConfigurationIsVisible = 0;
			defaultConfigurationName = Release;
		};
/* End XCConfigurationList section */
	};
	rootObject = 26B5AFE71E64065200644AB7 /* Project object */;
}
